# This file is autogenerated, do not edit; changes may be undone by the next 'dep ensure'.


[[projects]]
  branch = "master"
  name = "github.com/slovnik/slovnik"
  packages = ["."]
  revision = "792eef8ff45372dfed10840346944d80a39ce426"

[[projects]]
  branch = "master"
  name = "golang.org/x/net"
  packages = ["html","html/atom"]
  revision = "48359f4f600b3a2d5cf657458e3f940021631a56"

[solve-meta]
  analyzer-name = "dep"
  analyzer-version = 1
  inputs-digest = "6778cdfc680e29394fe9957f275086983d5a8f1c75ef4cfb65a68fbec790afb5"
  solver-name = "gps-cdcl"
  solver-version = 1
